
Microsoft Visual Studio Solution File, Format Version 12.00
# Visual Studio Version 16
VisualStudioVersion = 16.0.31005.135
MinimumVisualStudioVersion = 10.0.40219.1
Project("{FAE04EC0-301F-11D3-BF4B-00C04F79EFBC}") = "Capitalele Europei", "Capitalele Europei.csproj", "{7F7C8FA2-9A9C-4838-9209-43898E7A8D2D}"
EndProject
Global
	GlobalSection(SolutionConfigurationPlatforms) = preSolution
		Debug|Any CPU = Debug|Any CPU
		Release|Any CPU = Release|Any CPU
	EndGlobalSection
	GlobalSection(ProjectConfigurationPlatforms) = postSolution
		{7F7C8FA2-9A9C-4838-9209-43898E7A8D2D}.Debug|Any CPU.ActiveCfg = Debug|Any CPU
		{7F7C8FA2-9A9C-4838-9209-43898E7A8D2D}.Debug|Any CPU.Build.0 = Debug|Any CPU
		{7F7C8FA2-9A9C-4838-9209-43898E7A8D2D}.Release|Any CPU.ActiveCfg = Release|Any CPU
		{7F7C8FA2-9A9C-4838-9209-43898E7A8D2D}.Release|Any CPU.Build.0 = Release|Any CPU
	EndGlobalSection
	GlobalSection(SolutionProperties) = preSolution
		HideSolutionNode = FALSE
	EndGlobalSection
	GlobalSection(ExtensibilityGlobals) = postSolution
		SolutionGuid = {38A3F0ED-8ED4-4236-9E15-D1DA18B8633F}
	EndGlobalSection
EndGlobal
